
Microsoft Visual Studio Solution File, Format Version 12.00
# Visual Studio Version 17
VisualStudioVersion = 17.0.31912.275
MinimumVisualStudioVersion = 10.0.40219.1
Project("{9A19103F-16F7-4668-BE54-9A1E7A4F7556}") = "MvxFormsMasterDetailDemo.Core", "src\MvxFormsMasterDetailDemo.Core\MvxFormsMasterDetailDemo.Core.csproj", "{B8BDBF4D-1CA7-4258-A4F1-F05568D83841}"
EndProject
Project("{9A19103F-16F7-4668-BE54-9A1E7A4F7556}") = "MvxFormsMasterDetailDemo.UI", "src\MvxFormsMasterDetailDemo.UI\MvxFormsMasterDetailDemo.UI.csproj", "{5672792E-AD64-4627-816B-61AA6EC6C916}"
EndProject
Project("{FAE04EC0-301F-11D3-BF4B-00C04F79EFBC}") = "MvxFormsMasterDetailDemo.Droid", "src\MvxFormsMasterDetailDemo.Droid\MvxFormsMasterDetailDemo.Droid.csproj", "{3278EDC9-BD8D-4853-8D95-391BF1C36253}"
EndProject
Project("{FAE04EC0-301F-11D3-BF4B-00C04F79EFBC}") = "MvxFormsMasterDetailDemo.iOS", "src\MvxFormsMasterDetailDemo.iOS\MvxFormsMasterDetailDemo.iOS.csproj", "{E2FA78BD-8779-4E35-A18B-A74D6F4DA4E1}"
EndProject
Project("{FAE04EC0-301F-11D3-BF4B-00C04F79EFBC}") = "MvxFormsMasterDetailDemo.UWP", "src\MvxFormsMasterDetailDemo.UWP\MvxFormsMasterDetailDemo.UWP.csproj", "{390EED87-413A-4C91-B129-4FDD61ACD5CE}"
EndProject
Project("{2150E333-8FDC-42A3-9474-1A3956D46DE8}") = "Android", "Android", "{61A2101D-E623-40F5-90DC-472715963FB1}"
EndProject
Project("{2150E333-8FDC-42A3-9474-1A3956D46DE8}") = "iOS", "iOS", "{FBDBE637-BF4C-466C-9522-C47F678424BA}"
EndProject
Project("{2150E333-8FDC-42A3-9474-1A3956D46DE8}") = "UWP", "UWP", "{0933880B-AA5D-4944-B1EB-C66BB8CA0B18}"
EndProject
Project("{2150E333-8FDC-42A3-9474-1A3956D46DE8}") = "!Solution Items", "!Solution Items", "{0E4E6732-DABD-4E1A-88D1-ED949DAAB9A2}"
	ProjectSection(SolutionItems) = preProject
		.editorconfig = .editorconfig
	EndProjectSection
EndProject
Global
	GlobalSection(SolutionConfigurationPlatforms) = preSolution
		Debug|Any CPU = Debug|Any CPU
		Debug|ARM = Debug|ARM
		Debug|iPhone = Debug|iPhone
		Debug|iPhoneSimulator = Debug|iPhoneSimulator
		Debug|x64 = Debug|x64
		Debug|x86 = Debug|x86
		Release|Any CPU = Release|Any CPU
		Release|ARM = Release|ARM
		Release|iPhone = Release|iPhone
		Release|iPhoneSimulator = Release|iPhoneSimulator
		Release|x64 = Release|x64
		Release|x86 = Release|x86
	EndGlobalSection
	GlobalSection(ProjectConfigurationPlatforms) = postSolution
		{B8BDBF4D-1CA7-4258-A4F1-F05568D83841}.Debug|Any CPU.ActiveCfg = Debug|Any CPU
		{B8BDBF4D-1CA7-4258-A4F1-F05568D83841}.Debug|Any CPU.Build.0 = Debug|Any CPU
		{B8BDBF4D-1CA7-4258-A4F1-F05568D83841}.Debug|ARM.ActiveCfg = Debug|Any CPU
		{B8BDBF4D-1CA7-4258-A4F1-F05568D83841}.Debug|ARM.Build.0 = Debug|Any CPU
		{B8BDBF4D-1CA7-4258-A4F1-F05568D83841}.Debug|iPhone.ActiveCfg = Debug|Any CPU
		{B8BDBF4D-1CA7-4258-A4F1-F05568D83841}.Debug|iPhone.Build.0 = Debug|Any CPU
		{B8BDBF4D-1CA7-4258-A4F1-F05568D83841}.Debug|iPhoneSimulator.ActiveCfg = Debug|Any CPU
		{B8BDBF4D-1CA7-4258-A4F1-F05568D83841}.Debug|iPhoneSimulator.Build.0 = Debug|Any CPU
		{B8BDBF4D-1CA7-4258-A4F1-F05568D83841}.Debug|x64.ActiveCfg = Debug|Any CPU
		{B8BDBF4D-1CA7-4258-A4F1-F05568D83841}.Debug|x64.Build.0 = Debug|Any CPU
		{B8BDBF4D-1CA7-4258-A4F1-F05568D83841}.Debug|x86.ActiveCfg = Debug|Any CPU
		{B8BDBF4D-1CA7-4258-A4F1-F05568D83841}.Debug|x86.Build.0 = Debug|Any CPU
		{B8BDBF4D-1CA7-4258-A4F1-F05568D83841}.Release|Any CPU.ActiveCfg = Release|Any CPU
		{B8BDBF4D-1CA7-4258-A4F1-F05568D83841}.Release|Any CPU.Build.0 = Release|Any CPU
		{B8BDBF4D-1CA7-4258-A4F1-F05568D83841}.Release|ARM.ActiveCfg = Release|Any CPU
		{B8BDBF4D-1CA7-4258-A4F1-F05568D83841}.Release|ARM.Build.0 = Release|Any CPU
		{B8BDBF4D-1CA7-4258-A4F1-F05568D83841}.Release|iPhone.ActiveCfg = Release|Any CPU
		{B8BDBF4D-1CA7-4258-A4F1-F05568D83841}.Release|iPhone.Build.0 = Release|Any CPU
		{B8BDBF4D-1CA7-4258-A4F1-F05568D83841}.Release|iPhoneSimulator.ActiveCfg = Release|Any CPU
		{B8BDBF4D-1CA7-4258-A4F1-F05568D83841}.Release|iPhoneSimulator.Build.0 = Release|Any CPU
		{B8BDBF4D-1CA7-4258-A4F1-F05568D83841}.Release|x64.ActiveCfg = Release|Any CPU
		{B8BDBF4D-1CA7-4258-A4F1-F05568D83841}.Release|x64.Build.0 = Release|Any CPU
		{B8BDBF4D-1CA7-4258-A4F1-F05568D83841}.Release|x86.ActiveCfg = Release|Any CPU
		{B8BDBF4D-1CA7-4258-A4F1-F05568D83841}.Release|x86.Build.0 = Release|Any CPU
		{5672792E-AD64-4627-816B-61AA6EC6C916}.Debug|Any CPU.ActiveCfg = Debug|Any CPU
		{5672792E-AD64-4627-816B-61AA6EC6C916}.Debug|Any CPU.Build.0 = Debug|Any CPU
		{5672792E-AD64-4627-816B-61AA6EC6C916}.Debug|ARM.ActiveCfg = Debug|Any CPU
		{5672792E-AD64-4627-816B-61AA6EC6C916}.Debug|ARM.Build.0 = Debug|Any CPU
		{5672792E-AD64-4627-816B-61AA6EC6C916}.Debug|iPhone.ActiveCfg = Debug|Any CPU
		{5672792E-AD64-4627-816B-61AA6EC6C916}.Debug|iPhone.Build.0 = Debug|Any CPU
		{5672792E-AD64-4627-816B-61AA6EC6C916}.Debug|iPhoneSimulator.ActiveCfg = Debug|Any CPU
		{5672792E-AD64-4627-816B-61AA6EC6C916}.Debug|iPhoneSimulator.Build.0 = Debug|Any CPU
		{5672792E-AD64-4627-816B-61AA6EC6C916}.Debug|x64.ActiveCfg = Debug|Any CPU
		{5672792E-AD64-4627-816B-61AA6EC6C916}.Debug|x64.Build.0 = Debug|Any CPU
		{5672792E-AD64-4627-816B-61AA6EC6C916}.Debug|x86.ActiveCfg = Debug|Any CPU
		{5672792E-AD64-4627-816B-61AA6EC6C916}.Debug|x86.Build.0 = Debug|Any CPU
		{5672792E-AD64-4627-816B-61AA6EC6C916}.Release|Any CPU.ActiveCfg = Release|Any CPU
		{5672792E-AD64-4627-816B-61AA6EC6C916}.Release|Any CPU.Build.0 = Release|Any CPU
		{5672792E-AD64-4627-816B-61AA6EC6C916}.Release|ARM.ActiveCfg = Release|Any CPU
		{5672792E-AD64-4627-816B-61AA6EC6C916}.Release|ARM.Build.0 = Release|Any CPU
		{5672792E-AD64-4627-816B-61AA6EC6C916}.Release|iPhone.ActiveCfg = Release|Any CPU
		{5672792E-AD64-4627-816B-61AA6EC6C916}.Release|iPhone.Build.0 = Release|Any CPU
		{5672792E-AD64-4627-816B-61AA6EC6C916}.Release|iPhoneSimulator.ActiveCfg = Release|Any CPU
		{5672792E-AD64-4627-816B-61AA6EC6C916}.Release|iPhoneSimulator.Build.0 = Release|Any CPU
		{5672792E-AD64-4627-816B-61AA6EC6C916}.Release|x64.ActiveCfg = Release|Any CPU
		{5672792E-AD64-4627-816B-61AA6EC6C916}.Release|x64.Build.0 = Release|Any CPU
		{5672792E-AD64-4627-816B-61AA6EC6C916}.Release|x86.ActiveCfg = Release|Any CPU
		{5672792E-AD64-4627-816B-61AA6EC6C916}.Release|x86.Build.0 = Release|Any CPU
		{3278EDC9-BD8D-4853-8D95-391BF1C36253}.Debug|Any CPU.ActiveCfg = Debug|Any CPU
		{3278EDC9-BD8D-4853-8D95-391BF1C36253}.Debug|Any CPU.Build.0 = Debug|Any CPU
		{3278EDC9-BD8D-4853-8D95-391BF1C36253}.Debug|Any CPU.Deploy.0 = Debug|Any CPU
		{3278EDC9-BD8D-4853-8D95-391BF1C36253}.Debug|ARM.ActiveCfg = Debug|Any CPU
		{3278EDC9-BD8D-4853-8D95-391BF1C36253}.Debug|ARM.Build.0 = Debug|Any CPU
		{3278EDC9-BD8D-4853-8D95-391BF1C36253}.Debug|ARM.Deploy.0 = Debug|Any CPU
		{3278EDC9-BD8D-4853-8D95-391BF1C36253}.Debug|iPhone.ActiveCfg = Debug|Any CPU
		{3278EDC9-BD8D-4853-8D95-391BF1C36253}.Debug|iPhone.Build.0 = Debug|Any CPU
		{3278EDC9-BD8D-4853-8D95-391BF1C36253}.Debug|iPhone.Deploy.0 = Debug|Any CPU
		{3278EDC9-BD8D-4853-8D95-391BF1C36253}.Debug|iPhoneSimulator.ActiveCfg = Debug|Any CPU
		{3278EDC9-BD8D-4853-8D95-391BF1C36253}.Debug|iPhoneSimulator.Build.0 = Debug|Any CPU
		{3278EDC9-BD8D-4853-8D95-391BF1C36253}.Debug|iPhoneSimulator.Deploy.0 = Debug|Any CPU
		{3278EDC9-BD8D-4853-8D95-391BF1C36253}.Debug|x64.ActiveCfg = Debug|Any CPU
		{3278EDC9-BD8D-4853-8D95-391BF1C36253}.Debug|x64.Build.0 = Debug|Any CPU
		{3278EDC9-BD8D-4853-8D95-391BF1C36253}.Debug|x64.Deploy.0 = Debug|Any CPU
		{3278EDC9-BD8D-4853-8D95-391BF1C36253}.Debug|x86.ActiveCfg = Debug|Any CPU
		{3278EDC9-BD8D-4853-8D95-391BF1C36253}.Debug|x86.Build.0 = Debug|Any CPU
		{3278EDC9-BD8D-4853-8D95-391BF1C36253}.Debug|x86.Deploy.0 = Debug|Any CPU
		{3278EDC9-BD8D-4853-8D95-391BF1C36253}.Release|Any CPU.ActiveCfg = Release|Any CPU
		{3278EDC9-BD8D-4853-8D95-391BF1C36253}.Release|Any CPU.Build.0 = Release|Any CPU
		{3278EDC9-BD8D-4853-8D95-391BF1C36253}.Release|Any CPU.Deploy.0 = Release|Any CPU
		{3278EDC9-BD8D-4853-8D95-391BF1C36253}.Release|ARM.ActiveCfg = Release|Any CPU
		{3278EDC9-BD8D-4853-8D95-391BF1C36253}.Release|ARM.Build.0 = Release|Any CPU
		{3278EDC9-BD8D-4853-8D95-391BF1C36253}.Release|ARM.Deploy.0 = Release|Any CPU
		{3278EDC9-BD8D-4853-8D95-391BF1C36253}.Release|iPhone.ActiveCfg = Release|Any CPU
		{3278EDC9-BD8D-4853-8D95-391BF1C36253}.Release|iPhone.Build.0 = Release|Any CPU
		{3278EDC9-BD8D-4853-8D95-391BF1C36253}.Release|iPhone.Deploy.0 = Release|Any CPU
		{3278EDC9-BD8D-4853-8D95-391BF1C36253}.Release|iPhoneSimulator.ActiveCfg = Release|Any CPU
		{3278EDC9-BD8D-4853-8D95-391BF1C36253}.Release|iPhoneSimulator.Build.0 = Release|Any CPU
		{3278EDC9-BD8D-4853-8D95-391BF1C36253}.Release|iPhoneSimulator.Deploy.0 = Release|Any CPU
		{3278EDC9-BD8D-4853-8D95-391BF1C36253}.Release|x64.ActiveCfg = Release|Any CPU
		{3278EDC9-BD8D-4853-8D95-391BF1C36253}.Release|x64.Build.0 = Release|Any CPU
		{3278EDC9-BD8D-4853-8D95-391BF1C36253}.Release|x64.Deploy.0 = Release|Any CPU
		{3278EDC9-BD8D-4853-8D95-391BF1C36253}.Release|x86.ActiveCfg = Release|Any CPU
		{3278EDC9-BD8D-4853-8D95-391BF1C36253}.Release|x86.Build.0 = Release|Any CPU
		{3278EDC9-BD8D-4853-8D95-391BF1C36253}.Release|x86.Deploy.0 = Release|Any CPU
		{E2FA78BD-8779-4E35-A18B-A74D6F4DA4E1}.Debug|Any CPU.ActiveCfg = Debug|iPhone
		{E2FA78BD-8779-4E35-A18B-A74D6F4DA4E1}.Debug|Any CPU.Build.0 = Debug|iPhone
		{E2FA78BD-8779-4E35-A18B-A74D6F4DA4E1}.Debug|ARM.ActiveCfg = Debug|iPhone
		{E2FA78BD-8779-4E35-A18B-A74D6F4DA4E1}.Debug|iPhone.ActiveCfg = Debug|iPhone
		{E2FA78BD-8779-4E35-A18B-A74D6F4DA4E1}.Debug|iPhone.Build.0 = Debug|iPhone
		{E2FA78BD-8779-4E35-A18B-A74D6F4DA4E1}.Debug|iPhone.Deploy.0 = Debug|iPhone
		{E2FA78BD-8779-4E35-A18B-A74D6F4DA4E1}.Debug|iPhoneSimulator.ActiveCfg = Debug|iPhoneSimulator
		{E2FA78BD-8779-4E35-A18B-A74D6F4DA4E1}.Debug|iPhoneSimulator.Build.0 = Debug|iPhoneSimulator
		{E2FA78BD-8779-4E35-A18B-A74D6F4DA4E1}.Debug|iPhoneSimulator.Deploy.0 = Debug|iPhoneSimulator
		{E2FA78BD-8779-4E35-A18B-A74D6F4DA4E1}.Debug|x64.ActiveCfg = Debug|iPhone
		{E2FA78BD-8779-4E35-A18B-A74D6F4DA4E1}.Debug|x86.ActiveCfg = Debug|iPhone
		{E2FA78BD-8779-4E35-A18B-A74D6F4DA4E1}.Release|Any CPU.ActiveCfg = Release|iPhone
		{E2FA78BD-8779-4E35-A18B-A74D6F4DA4E1}.Release|ARM.ActiveCfg = Release|iPhone
		{E2FA78BD-8779-4E35-A18B-A74D6F4DA4E1}.Release|iPhone.ActiveCfg = Release|iPhone
		{E2FA78BD-8779-4E35-A18B-A74D6F4DA4E1}.Release|iPhone.Build.0 = Release|iPhone
		{E2FA78BD-8779-4E35-A18B-A74D6F4DA4E1}.Release|iPhone.Deploy.0 = Release|iPhone
		{E2FA78BD-8779-4E35-A18B-A74D6F4DA4E1}.Release|iPhoneSimulator.ActiveCfg = Release|iPhoneSimulator
		{E2FA78BD-8779-4E35-A18B-A74D6F4DA4E1}.Release|iPhoneSimulator.Build.0 = Release|iPhoneSimulator
		{E2FA78BD-8779-4E35-A18B-A74D6F4DA4E1}.Release|iPhoneSimulator.Deploy.0 = Release|iPhoneSimulator
		{E2FA78BD-8779-4E35-A18B-A74D6F4DA4E1}.Release|x64.ActiveCfg = Release|iPhone
		{E2FA78BD-8779-4E35-A18B-A74D6F4DA4E1}.Release|x86.ActiveCfg = Release|iPhone
		{390EED87-413A-4C91-B129-4FDD61ACD5CE}.Debug|Any CPU.ActiveCfg = Debug|x64
		{390EED87-413A-4C91-B129-4FDD61ACD5CE}.Debug|Any CPU.Build.0 = Debug|x64
		{390EED87-413A-4C91-B129-4FDD61ACD5CE}.Debug|Any CPU.Deploy.0 = Debug|x64
		{390EED87-413A-4C91-B129-4FDD61ACD5CE}.Debug|ARM.ActiveCfg = Debug|ARM
		{390EED87-413A-4C91-B129-4FDD61ACD5CE}.Debug|ARM.Build.0 = Debug|ARM
		{390EED87-413A-4C91-B129-4FDD61ACD5CE}.Debug|ARM.Deploy.0 = Debug|ARM
		{390EED87-413A-4C91-B129-4FDD61ACD5CE}.Debug|iPhone.ActiveCfg = Debug|x86
		{390EED87-413A-4C91-B129-4FDD61ACD5CE}.Debug|iPhoneSimulator.ActiveCfg = Debug|x86
		{390EED87-413A-4C91-B129-4FDD61ACD5CE}.Debug|x64.ActiveCfg = Debug|x64
		{390EED87-413A-4C91-B129-4FDD61ACD5CE}.Debug|x64.Build.0 = Debug|x64
		{390EED87-413A-4C91-B129-4FDD61ACD5CE}.Debug|x64.Deploy.0 = Debug|x64
		{390EED87-413A-4C91-B129-4FDD61ACD5CE}.Debug|x86.ActiveCfg = Debug|x86
		{390EED87-413A-4C91-B129-4FDD61ACD5CE}.Debug|x86.Build.0 = Debug|x86
		{390EED87-413A-4C91-B129-4FDD61ACD5CE}.Debug|x86.Deploy.0 = Debug|x86
		{390EED87-413A-4C91-B129-4FDD61ACD5CE}.Release|Any CPU.ActiveCfg = Release|x86
		{390EED87-413A-4C91-B129-4FDD61ACD5CE}.Release|ARM.ActiveCfg = Release|ARM
		{390EED87-413A-4C91-B129-4FDD61ACD5CE}.Release|ARM.Build.0 = Release|ARM
		{390EED87-413A-4C91-B129-4FDD61ACD5CE}.Release|ARM.Deploy.0 = Release|ARM
		{390EED87-413A-4C91-B129-4FDD61ACD5CE}.Release|iPhone.ActiveCfg = Release|x86
		{390EED87-413A-4C91-B129-4FDD61ACD5CE}.Release|iPhoneSimulator.ActiveCfg = Release|x86
		{390EED87-413A-4C91-B129-4FDD61ACD5CE}.Release|x64.ActiveCfg = Release|x64
		{390EED87-413A-4C91-B129-4FDD61ACD5CE}.Release|x64.Build.0 = Release|x64
		{390EED87-413A-4C91-B129-4FDD61ACD5CE}.Release|x64.Deploy.0 = Release|x64
		{390EED87-413A-4C91-B129-4FDD61ACD5CE}.Release|x86.ActiveCfg = Release|x86
		{390EED87-413A-4C91-B129-4FDD61ACD5CE}.Release|x86.Build.0 = Release|x86
		{390EED87-413A-4C91-B129-4FDD61ACD5CE}.Release|x86.Deploy.0 = Release|x86
	EndGlobalSection
	GlobalSection(SolutionProperties) = preSolution
		HideSolutionNode = FALSE
	EndGlobalSection
	GlobalSection(NestedProjects) = preSolution
		{3278EDC9-BD8D-4853-8D95-391BF1C36253} = {61A2101D-E623-40F5-90DC-472715963FB1}
		{E2FA78BD-8779-4E35-A18B-A74D6F4DA4E1} = {FBDBE637-BF4C-466C-9522-C47F678424BA}
		{390EED87-413A-4C91-B129-4FDD61ACD5CE} = {0933880B-AA5D-4944-B1EB-C66BB8CA0B18}
	EndGlobalSection
	GlobalSection(ExtensibilityGlobals) = postSolution
		SolutionGuid = {2F6441B0-3F44-4613-9C2B-222DC72E7712}
	EndGlobalSection
EndGlobal
